// !$*UTF8*$!
{
	archiveVersion = 1;
	classes = {
	};
	objectVersion = 51;
	objects = {

/* Begin PBXBuildFile section */
		7745D9FD29C4E56200C0A1C2 /* Pizza.swift in Sources */ = {isa = PBXBuildFile; fileRef = 7745D9FC29C4E56200C0A1C2 /* Pizza.swift */; };
		7745DA0029C4E70000C0A1C2 /* MyCustomCellXIB.swift in Sources */ = {isa = PBXBuildFile; fileRef = 7745D9FE29C4E70000C0A1C2 /* MyCustomCellXIB.swift */; };
		7745DA0129C4E70000C0A1C2 /* MyCustomCellXIB.xib in Resources */ = {isa = PBXBuildFile; fileRef = 7745D9FF29C4E70000C0A1C2 /* MyCustomCellXIB.xib */; };
		7745DA0329C4EE6900C0A1C2 /* PricePizzaViewController.swift in Sources */ = {isa = PBXBuildFile; fileRef = 7745DA0229C4EE6900C0A1C2 /* PricePizzaViewController.swift */; };
		7745DA0529C4F17600C0A1C2 /* RatingViewController.swift in Sources */ = {isa = PBXBuildFile; fileRef = 7745DA0429C4F17600C0A1C2 /* RatingViewController.swift */; };
		7745DA0729C4FEA900C0A1C2 /* OneViewController.swift in Sources */ = {isa = PBXBuildFile; fileRef = 7745DA0629C4FEA900C0A1C2 /* OneViewController.swift */; };
		77487D3E29C4E3A000875CEC /* AppDelegate.swift in Sources */ = {isa = PBXBuildFile; fileRef = 77487D3D29C4E3A000875CEC /* AppDelegate.swift */; };
		77487D4029C4E3A000875CEC /* SceneDelegate.swift in Sources */ = {isa = PBXBuildFile; fileRef = 77487D3F29C4E3A000875CEC /* SceneDelegate.swift */; };
		77487D4229C4E3A000875CEC /* ViewController.swift in Sources */ = {isa = PBXBuildFile; fileRef = 77487D4129C4E3A000875CEC /* ViewController.swift */; };
		77487D4529C4E3A000875CEC /* Main.storyboard in Resources */ = {isa = PBXBuildFile; fileRef = 77487D4329C4E3A000875CEC /* Main.storyboard */; };
		77487D4729C4E3A100875CEC /* Assets.xcassets in Resources */ = {isa = PBXBuildFile; fileRef = 77487D4629C4E3A100875CEC /* Assets.xcassets */; };
		77487D4A29C4E3A100875CEC /* LaunchScreen.storyboard in Resources */ = {isa = PBXBuildFile; fileRef = 77487D4829C4E3A100875CEC /* LaunchScreen.storyboard */; };
		9DCA6AF32489AF4AED758D57 /* Pods_ProjectRequestThree.framework in Frameworks */ = {isa = PBXBuildFile; fileRef = 874E00796B71048F3C69C97C /* Pods_ProjectRequestThree.framework */; };
/* End PBXBuildFile section */

/* Begin PBXFileReference section */
		680A39F1D8C0CEF9C6C61DDA /* Pods-ProjectRequestThree.debug.xcconfig */ = {isa = PBXFileReference; includeInIndex = 1; lastKnownFileType = text.xcconfig; name = "Pods-ProjectRequestThree.debug.xcconfig"; path = "Target Support Files/Pods-ProjectRequestThree/Pods-ProjectRequestThree.debug.xcconfig"; sourceTree = "<group>"; };
		7745D9FC29C4E56200C0A1C2 /* Pizza.swift */ = {isa = PBXFileReference; lastKnownFileType = sourcecode.swift; path = Pizza.swift; sourceTree = "<group>"; };
		7745D9FE29C4E70000C0A1C2 /* MyCustomCellXIB.swift */ = {isa = PBXFileReference; lastKnownFileType = sourcecode.swift; path = MyCustomCellXIB.swift; sourceTree = "<group>"; };
		7745D9FF29C4E70000C0A1C2 /* MyCustomCellXIB.xib */ = {isa = PBXFileReference; lastKnownFileType = file.xib; path = MyCustomCellXIB.xib; sourceTree = "<group>"; };
		7745DA0229C4EE6900C0A1C2 /* PricePizzaViewController.swift */ = {isa = PBXFileReference; lastKnownFileType = sourcecode.swift; path = PricePizzaViewController.swift; sourceTree = "<group>"; };
		7745DA0429C4F17600C0A1C2 /* RatingViewController.swift */ = {isa = PBXFileReference; lastKnownFileType = sourcecode.swift; path = RatingViewController.swift; sourceTree = "<group>"; };
		7745DA0629C4FEA900C0A1C2 /* OneViewController.swift */ = {isa = PBXFileReference; lastKnownFileType = sourcecode.swift; path = OneViewController.swift; sourceTree = "<group>"; };
		77487D3A29C4E3A000875CEC /* ProjectRequestThree.app */ = {isa = PBXFileReference; explicitFileType = wrapper.application; includeInIndex = 0; path = ProjectRequestThree.app; sourceTree = BUILT_PRODUCTS_DIR; };
		77487D3D29C4E3A000875CEC /* AppDelegate.swift */ = {isa = PBXFileReference; lastKnownFileType = sourcecode.swift; path = AppDelegate.swift; sourceTree = "<group>"; };
		77487D3F29C4E3A000875CEC /* SceneDelegate.swift */ = {isa = PBXFileReference; lastKnownFileType = sourcecode.swift; path = SceneDelegate.swift; sourceTree = "<group>"; };
		77487D4129C4E3A000875CEC /* ViewController.swift */ = {isa = PBXFileReference; lastKnownFileType = sourcecode.swift; path = ViewController.swift; sourceTree = "<group>"; };
		77487D4429C4E3A000875CEC /* Base */ = {isa = PBXFileReference; lastKnownFileType = file.storyboard; name = Base; path = Base.lproj/Main.storyboard; sourceTree = "<group>"; };
		77487D4629C4E3A100875CEC /* Assets.xcassets */ = {isa = PBXFileReference; lastKnownFileType = folder.assetcatalog; path = Assets.xcassets; sourceTree = "<group>"; };
		77487D4929C4E3A100875CEC /* Base */ = {isa = PBXFileReference; lastKnownFileType = file.storyboard; name = Base; path = Base.lproj/LaunchScreen.storyboard; sourceTree = "<group>"; };
		77487D4B29C4E3A100875CEC /* Info.plist */ = {isa = PBXFileReference; lastKnownFileType = text.plist.xml; path = Info.plist; sourceTree = "<group>"; };
		874E00796B71048F3C69C97C /* Pods_ProjectRequestThree.framework */ = {isa = PBXFileReference; explicitFileType = wrapper.framework; includeInIndex = 0; path = Pods_ProjectRequestThree.framework; sourceTree = BUILT_PRODUCTS_DIR; };
		D9BA1A274C5E02B8C2727036 /* Pods-ProjectRequestThree.release.xcconfig */ = {isa = PBXFileReference; includeInIndex = 1; lastKnownFileType = text.xcconfig; name = "Pods-ProjectRequestThree.release.xcconfig"; path = "Target Support Files/Pods-ProjectRequestThree/Pods-ProjectRequestThree.release.xcconfig"; sourceTree = "<group>"; };
/* End PBXFileReference section */

/* Begin PBXFrameworksBuildPhase section */
		77487D3729C4E3A000875CEC /* Frameworks */ = {
			isa = PBXFrameworksBuildPhase;
			buildActionMask = 2147483647;
			files = (
				9DCA6AF32489AF4AED758D57 /* Pods_ProjectRequestThree.framework in Frameworks */,
			);
			runOnlyForDeploymentPostprocessing = 0;
		};
/* End PBXFrameworksBuildPhase section */

/* Begin PBXGroup section */
		77487D3129C4E3A000875CEC = {
			isa = PBXGroup;
			children = (
				77487D3C29C4E3A000875CEC /* ProjectRequestThree */,
				77487D3B29C4E3A000875CEC /* Products */,
				EF35B99DCB4D43481B5AAB35 /* Pods */,
				DE185B7A29B6AAD4A9FECBC1 /* Frameworks */,
			);
			sourceTree = "<group>";
		};
		77487D3B29C4E3A000875CEC /* Products */ = {
			isa = PBXGroup;
			children = (
				77487D3A29C4E3A000875CEC /* ProjectRequestThree.app */,
			);
			name = Products;
			sourceTree = "<group>";
		};
		77487D3C29C4E3A000875CEC /* ProjectRequestThree */ = {
			isa = PBXGroup;
			children = (
				77487D3D29C4E3A000875CEC /* AppDelegate.swift */,
				77487D3F29C4E3A000875CEC /* SceneDelegate.swift */,
				7745D9FC29C4E56200C0A1C2 /* Pizza.swift */,
				77487D4129C4E3A000875CEC /* ViewController.swift */,
				7745DA0229C4EE6900C0A1C2 /* PricePizzaViewController.swift */,
				7745DA0429C4F17600C0A1C2 /* RatingViewController.swift */,
				7745DA0629C4FEA900C0A1C2 /* OneViewController.swift */,
				7745D9FE29C4E70000C0A1C2 /* MyCustomCellXIB.swift */,
				7745D9FF29C4E70000C0A1C2 /* MyCustomCellXIB.xib */,
				77487D4329C4E3A000875CEC /* Main.storyboard */,
				77487D4629C4E3A100875CEC /* Assets.xcassets */,
				77487D4829C4E3A100875CEC /* LaunchScreen.storyboard */,
				77487D4B29C4E3A100875CEC /* Info.plist */,
			);
			path = ProjectRequestThree;
			sourceTree = "<group>";
		};
		DE185B7A29B6AAD4A9FECBC1 /* Frameworks */ = {
			isa = PBXGroup;
			children = (
				874E00796B71048F3C69C97C /* Pods_ProjectRequestThree.framework */,
			);
			name = Frameworks;
			sourceTree = "<group>";
		};
		EF35B99DCB4D43481B5AAB35 /* Pods */ = {
			isa = PBXGroup;
			children = (
				680A39F1D8C0CEF9C6C61DDA /* Pods-ProjectRequestThree.debug.xcconfig */,
				D9BA1A274C5E02B8C2727036 /* Pods-ProjectRequestThree.release.xcconfig */,
			);
			path = Pods;
			sourceTree = "<group>";
		};
/* End PBXGroup section */

/* Begin PBXNativeTarget section */
		77487D3929C4E3A000875CEC /* ProjectRequestThree */ = {
			isa = PBXNativeTarget;
			buildConfigurationList = 77487D4E29C4E3A100875CEC /* Build configuration list for PBXNativeTarget "ProjectRequestThree" */;
			buildPhases = (
				06D72169B5020525DEBBB3F4 /* [CP] Check Pods Manifest.lock */,
				77487D3629C4E3A000875CEC /* Sources */,
				77487D3729C4E3A000875CEC /* Frameworks */,
				77487D3829C4E3A000875CEC /* Resources */,
				9D698D8C196D6697F386FFF6 /* [CP] Embed Pods Frameworks */,
			);
			buildRules = (
			);
			dependencies = (
			);
			name = ProjectRequestThree;
			productName = ProjectRequestThree;
			productReference = 77487D3A29C4E3A000875CEC /* ProjectRequestThree.app */;
			productType = "com.apple.product-type.application";
		};
/* End PBXNativeTarget section */

/* Begin PBXProject section */
		77487D3229C4E3A000875CEC /* Project object */ = {
			isa = PBXProject;
			attributes = {
				LastSwiftUpdateCheck = 1250;
				LastUpgradeCheck = 1250;
				TargetAttributes = {
					77487D3929C4E3A000875CEC = {
						CreatedOnToolsVersion = 12.5.1;
					};
				};
			};
			buildConfigurationList = 77487D3529C4E3A000875CEC /* Build configuration list for PBXProject "ProjectRequestThree" */;
			compatibilityVersion = "Xcode 9.3";
			developmentRegion = en;
			hasScannedForEncodings = 0;
			knownRegions = (
				en,
				Base,
			);
			mainGroup = 77487D3129C4E3A000875CEC;
			productRefGroup = 77487D3B29C4E3A000875CEC /* Products */;
			projectDirPath = "";
			projectRoot = "";
			targets = (
				77487D3929C4E3A000875CEC /* ProjectRequestThree */,
			);
		};
/* End PBXProject section */

/* Begin PBXResourcesBuildPhase section */
		77487D3829C4E3A000875CEC /* Resources */ = {
			isa = PBXResourcesBuildPhase;
			buildActionMask = 2147483647;
			files = (
				7745DA0129C4E70000C0A1C2 /* MyCustomCellXIB.xib in Resources */,
				77487D4A29C4E3A100875CEC /* LaunchScreen.storyboard in Resources */,
				77487D4729C4E3A100875CEC /* Assets.xcassets in Resources */,
				77487D4529C4E3A000875CEC /* Main.storyboard in Resources */,
			);
			runOnlyForDeploymentPostprocessing = 0;
		};
/* End PBXResourcesBuildPhase section */

/* Begin PBXShellScriptBuildPhase section */
		06D72169B5020525DEBBB3F4 /* [CP] Check Pods Manifest.lock */ = {
			isa = PBXShellScriptBuildPhase;
			buildActionMask = 2147483647;
			files = (
			);
			inputFileListPaths = (
			);
			inputPaths = (
				"${PODS_PODFILE_DIR_PATH}/Podfile.lock",
				"${PODS_ROOT}/Manifest.lock",
			);
			name = "[CP] Check Pods Manifest.lock";
			outputFileListPaths = (
			);
			outputPaths = (
				"$(DERIVED_FILE_DIR)/Pods-ProjectRequestThree-checkManifestLockResult.txt",
			);
			runOnlyForDeploymentPostprocessing = 0;
			shellPath = /bin/sh;
			shellScript = "diff \"${PODS_PODFILE_DIR_PATH}/Podfile.lock\" \"${PODS_ROOT}/Manifest.lock\" > /dev/null\nif [ $? != 0 ] ; then\n    # print error to STDERR\n    echo \"error: The sandbox is not in sync with the Podfile.lock. Run 'pod install' or update your CocoaPods installation.\" >&2\n    exit 1\nfi\n# This output is used by Xcode 'outputs' to avoid re-running this script phase.\necho \"SUCCESS\" > \"${SCRIPT_OUTPUT_FILE_0}\"\n";
			showEnvVarsInLog = 0;
		};
		9D698D8C196D6697F386FFF6 /* [CP] Embed Pods Frameworks */ = {
			isa = PBXShellScriptBuildPhase;
			buildActionMask = 2147483647;
			files = (
			);
			inputFileListPaths = (
				"${PODS_ROOT}/Target Support Files/Pods-ProjectRequestThree/Pods-ProjectRequestThree-frameworks-${CONFIGURATION}-input-files.xcfilelist",
			);
			name = "[CP] Embed Pods Frameworks";
			outputFileListPaths = (
				"${PODS_ROOT}/Target Support Files/Pods-ProjectRequestThree/Pods-ProjectRequestThree-frameworks-${CONFIGURATION}-output-files.xcfilelist",
			);
			runOnlyForDeploymentPostprocessing = 0;
			shellPath = /bin/sh;
			shellScript = "\"${PODS_ROOT}/Target Support Files/Pods-ProjectRequestThree/Pods-ProjectRequestThree-frameworks.sh\"\n";
			showEnvVarsInLog = 0;
		};
/* End PBXShellScriptBuildPhase section */

/* Begin PBXSourcesBuildPhase section */
		77487D3629C4E3A000875CEC /* Sources */ = {
			isa = PBXSourcesBuildPhase;
			buildActionMask = 2147483647;
			files = (
				7745D9FD29C4E56200C0A1C2 /* Pizza.swift in Sources */,
				7745DA0029C4E70000C0A1C2 /* MyCustomCellXIB.swift in Sources */,
				77487D4229C4E3A000875CEC /* ViewController.swift in Sources */,
				7745DA0729C4FEA900C0A1C2 /* OneViewController.swift in Sources */,
				77487D3E29C4E3A000875CEC /* AppDelegate.swift in Sources */,
				77487D4029C4E3A000875CEC /* SceneDelegate.swift in Sources */,
				7745DA0329C4EE6900C0A1C2 /* PricePizzaViewController.swift in Sources */,
				7745DA0529C4F17600C0A1C2 /* RatingViewController.swift in Sources */,
			);
			runOnlyForDeploymentPostprocessing = 0;
		};
/* End PBXSourcesBuildPhase section */

/* Begin PBXVariantGroup section */
		77487D4329C4E3A000875CEC /* Main.storyboard */ = {
			isa = PBXVariantGroup;
			children = (
				77487D4429C4E3A000875CEC /* Base */,
			);
			name = Main.storyboard;
			sourceTree = "<group>";
		};
		77487D4829C4E3A100875CEC /* LaunchScreen.storyboard */ = {
			isa = PBXVariantGroup;
			children = (
				77487D4929C4E3A100875CEC /* Base */,
			);
			name = LaunchScreen.storyboard;
			sourceTree = "<group>";
		};
/* End PBXVariantGroup section */

/* Begin XCBuildConfiguration section */
		77487D4C29C4E3A100875CEC /* Debug */ = {
			isa = XCBuildConfiguration;
			buildSettings = {
				ALWAYS_SEARCH_USER_PATHS = NO;
				CLANG_ANALYZER_NONNULL = YES;
				CLANG_ANALYZER_NUMBER_OBJECT_CONVERSION = YES_AGGRESSIVE;
				CLANG_CXX_LANGUAGE_STANDARD = "gnu++14";
				CLANG_CXX_LIBRARY = "libc++";
				CLANG_ENABLE_MODULES = YES;
				CLANG_ENABLE_OBJC_ARC = YES;
				CLANG_ENABLE_OBJC_WEAK = YES;
				CLANG_WARN_BLOCK_CAPTURE_AUTORELEASING = YES;
				CLANG_WARN_BOOL_CONVERSION = YES;
				CLANG_WARN_COMMA = YES;
				CLANG_WARN_CONSTANT_CONVERSION = YES;
				CLANG_WARN_DEPRECATED_OBJC_IMPLEMENTATIONS = YES;
				CLANG_WARN_DIRECT_OBJC_ISA_USAGE = YES_ERROR;
				CLANG_WARN_DOCUMENTATION_COMMENTS = YES;
				CLANG_WARN_EMPTY_BODY = YES;
				CLANG_WARN_ENUM_CONVERSION = YES;
				CLANG_WARN_INFINITE_RECURSION = YES;
				CLANG_WARN_INT_CONVERSION = YES;
				CLANG_WARN_NON_LITERAL_NULL_CONVERSION = YES;
				CLANG_WARN_OBJC_IMPLICIT_RETAIN_SELF = YES;
				CLANG_WARN_OBJC_LITERAL_CONVERSION = YES;
				CLANG_WARN_OBJC_ROOT_CLASS = YES_ERROR;
				CLANG_WARN_QUOTED_INCLUDE_IN_FRAMEWORK_HEADER = YES;
				CLANG_WARN_RANGE_LOOP_ANALYSIS = YES;
				CLANG_WARN_STRICT_PROTOTYPES = YES;
				CLANG_WARN_SUSPICIOUS_MOVE = YES;
				CLANG_WARN_UNGUARDED_AVAILABILITY = YES_AGGRESSIVE;
				CLANG_WARN_UNREACHABLE_CODE = YES;
				CLANG_WARN__DUPLICATE_METHOD_MATCH = YES;
				COPY_PHASE_STRIP = NO;
				DEBUG_INFORMATION_FORMAT = dwarf;
				ENABLE_STRICT_OBJC_MSGSEND = YES;
				ENABLE_TESTABILITY = YES;
				GCC_C_LANGUAGE_STANDARD = gnu11;
				GCC_DYNAMIC_NO_PIC = NO;
				GCC_NO_COMMON_BLOCKS = YES;
				GCC_OPTIMIZATION_LEVEL = 0;
				GCC_PREPROCESSOR_DEFINITIONS = (
					"DEBUG=1",
					"$(inherited)",
				);
				GCC_WARN_64_TO_32_BIT_CONVERSION = YES;
				GCC_WARN_ABOUT_RETURN_TYPE = YES_ERROR;
				GCC_WARN_UNDECLARED_SELECTOR = YES;
				GCC_WARN_UNINITIALIZED_AUTOS = YES_AGGRESSIVE;
				GCC_WARN_UNUSED_FUNCTION = YES;
				GCC_WARN_UNUSED_VARIABLE = YES;
				IPHONEOS_DEPLOYMENT_TARGET = 14.5;
				MTL_ENABLE_DEBUG_INFO = INCLUDE_SOURCE;
				MTL_FAST_MATH = YES;
				ONLY_ACTIVE_ARCH = YES;
				SDKROOT = iphoneos;
				SWIFT_ACTIVE_COMPILATION_CONDITIONS = DEBUG;
				SWIFT_OPTIMIZATION_LEVEL = "-Onone";
			};
			name = Debug;
		};
		77487D4D29C4E3A100875CEC /* Release */ = {
			isa = XCBuildConfiguration;
			buildSettings = {
				ALWAYS_SEARCH_USER_PATHS = NO;
				CLANG_ANALYZER_NONNULL = YES;
				CLANG_ANALYZER_NUMBER_OBJECT_CONVERSION = YES_AGGRESSIVE;
				CLANG_CXX_LANGUAGE_STANDARD = "gnu++14";
				CLANG_CXX_LIBRARY = "libc++";
				CLANG_ENABLE_MODULES = YES;
				CLANG_ENABLE_OBJC_ARC = YES;
				CLANG_ENABLE_OBJC_WEAK = YES;
				CLANG_WARN_BLOCK_CAPTURE_AUTORELEASING = YES;
				CLANG_WARN_BOOL_CONVERSION = YES;
				CLANG_WARN_COMMA = YES;
				CLANG_WARN_CONSTANT_CONVERSION = YES;
				CLANG_WARN_DEPRECATED_OBJC_IMPLEMENTATIONS = YES;
				CLANG_WARN_DIRECT_OBJC_ISA_USAGE = YES_ERROR;
				CLANG_WARN_DOCUMENTATION_COMMENTS = YES;
				CLANG_WARN_EMPTY_BODY = YES;
				CLANG_WARN_ENUM_CONVERSION = YES;
				CLANG_WARN_INFINITE_RECURSION = YES;
				CLANG_WARN_INT_CONVERSION = YES;
				CLANG_WARN_NON_LITERAL_NULL_CONVERSION = YES;
				CLANG_WARN_OBJC_IMPLICIT_RETAIN_SELF = YES;
				CLANG_WARN_OBJC_LITERAL_CONVERSION = YES;
				CLANG_WARN_OBJC_ROOT_CLASS = YES_ERROR;
				CLANG_WARN_QUOTED_INCLUDE_IN_FRAMEWORK_HEADER = YES;
				CLANG_WARN_RANGE_LOOP_ANALYSIS = YES;
				CLANG_WARN_STRICT_PROTOTYPES = YES;
				CLANG_WARN_SUSPICIOUS_MOVE = YES;
				CLANG_WARN_UNGUARDED_AVAILABILITY = YES_AGGRESSIVE;
				CLANG_WARN_UNREACHABLE_CODE = YES;
				CLANG_WARN__DUPLICATE_METHOD_MATCH = YES;
				COPY_PHASE_STRIP = NO;
				DEBUG_INFORMATION_FORMAT = "dwarf-with-dsym";
				ENABLE_NS_ASSERTIONS = NO;
				ENABLE_STRICT_OBJC_MSGSEND = YES;
				GCC_C_LANGUAGE_STANDARD = gnu11;
				GCC_NO_COMMON_BLOCKS = YES;
				GCC_WARN_64_TO_32_BIT_CONVERSION = YES;
				GCC_WARN_ABOUT_RETURN_TYPE = YES_ERROR;
				GCC_WARN_UNDECLARED_SELECTOR = YES;
				GCC_WARN_UNINITIALIZED_AUTOS = YES_AGGRESSIVE;
				GCC_WARN_UNUSED_FUNCTION = YES;
				GCC_WARN_UNUSED_VARIABLE = YES;
				IPHONEOS_DEPLOYMENT_TARGET = 14.5;
				MTL_ENABLE_DEBUG_INFO = NO;
				MTL_FAST_MATH = YES;
				SDKROOT = iphoneos;
				SWIFT_COMPILATION_MODE = wholemodule;
				SWIFT_OPTIMIZATION_LEVEL = "-O";
				VALIDATE_PRODUCT = YES;
			};
			name = Release;
		};
		77487D4F29C4E3A100875CEC /* Debug */ = {
			isa = XCBuildConfiguration;
			baseConfigurationReference = 680A39F1D8C0CEF9C6C61DDA /* Pods-ProjectRequestThree.debug.xcconfig */;
			buildSettings = {
				ASSETCATALOG_COMPILER_APPICON_NAME = AppIcon;
				ASSETCATALOG_COMPILER_GLOBAL_ACCENT_COLOR_NAME = AccentColor;
				CODE_SIGN_STYLE = Automatic;
				INFOPLIST_FILE = ProjectRequestThree/Info.plist;
				LD_RUNPATH_SEARCH_PATHS = (
					"$(inherited)",
					"@executable_path/Frameworks",
				);
				PRODUCT_BUNDLE_IDENTIFIER = Aninha.ProjectRequestThree;
				PRODUCT_NAME = "$(TARGET_NAME)";
				SWIFT_VERSION = 5.0;
				TARGETED_DEVICE_FAMILY = "1,2";
			};
			name = Debug;
		};
		77487D5029C4E3A100875CEC /* Release */ = {
			isa = XCBuildConfiguration;
			baseConfigurationReference = D9BA1A274C5E02B8C2727036 /* Pods-ProjectRequestThree.release.xcconfig */;
			buildSettings = {
				ASSETCATALOG_COMPILER_APPICON_NAME = AppIcon;
				ASSETCATALOG_COMPILER_GLOBAL_ACCENT_COLOR_NAME = AccentColor;
				CODE_SIGN_STYLE = Automatic;
				INFOPLIST_FILE = ProjectRequestThree/Info.plist;
				LD_RUNPATH_SEARCH_PATHS = (
					"$(inherited)",
					"@executable_path/Frameworks",
				);
				PRODUCT_BUNDLE_IDENTIFIER = Aninha.ProjectRequestThree;
				PRODUCT_NAME = "$(TARGET_NAME)";
				SWIFT_VERSION = 5.0;
				TARGETED_DEVICE_FAMILY = "1,2";
			};
			name = Release;
		};
/* End XCBuildConfiguration section */

/* Begin XCConfigurationList section */
		77487D3529C4E3A000875CEC /* Build configuration list for PBXProject "ProjectRequestThree" */ = {
			isa = XCConfigurationList;
			buildConfigurations = (
				77487D4C29C4E3A100875CEC /* Debug */,
				77487D4D29C4E3A100875CEC /* Release */,
			);
			defaultConfigurationIsVisible = 0;
			defaultConfigurationName = Release;
		};
		77487D4E29C4E3A100875CEC /* Build configuration list for PBXNativeTarget "ProjectRequestThree" */ = {
			isa = XCConfigurationList;
			buildConfigurations = (
				77487D4F29C4E3A100875CEC /* Debug */,
				77487D5029C4E3A100875CEC /* Release */,
			);
			defaultConfigurationIsVisible = 0;
			defaultConfigurationName = Release;
		};
/* End XCConfigurationList section */
	};
	rootObject = 77487D3229C4E3A000875CEC /* Project object */;
}
